
Microsoft Visual Studio Solution File, Format Version 12.00
# Visual Studio 15
VisualStudioVersion = 15.0.27130.2024
MinimumVisualStudioVersion = 10.0.40219.1
Project("{FAE04EC0-301F-11D3-BF4B-00C04F79EFBC}") = "SGBDProiect", "SGBDProiect\SGBDProiect.csproj", "{B7819C6D-D1B3-49E7-B0B3-8EE7D66B6AE3}"
EndProject
Global
	GlobalSection(SolutionConfigurationPlatforms) = preSolution
		Debug|Any CPU = Debug|Any CPU
		Release|Any CPU = Release|Any CPU
	EndGlobalSection
	GlobalSection(ProjectConfigurationPlatforms) = postSolution
		{B7819C6D-D1B3-49E7-B0B3-8EE7D66B6AE3}.Debug|Any CPU.ActiveCfg = Debug|Any CPU
		{B7819C6D-D1B3-49E7-B0B3-8EE7D66B6AE3}.Debug|Any CPU.Build.0 = Debug|Any CPU
		{B7819C6D-D1B3-49E7-B0B3-8EE7D66B6AE3}.Release|Any CPU.ActiveCfg = Release|Any CPU
		{B7819C6D-D1B3-49E7-B0B3-8EE7D66B6AE3}.Release|Any CPU.Build.0 = Release|Any CPU
	EndGlobalSection
	GlobalSection(SolutionProperties) = preSolution
		HideSolutionNode = FALSE
	EndGlobalSection
	GlobalSection(ExtensibilityGlobals) = postSolution
		SolutionGuid = {10A0754B-F3EE-401F-9394-3FC308B557AB}
	EndGlobalSection
EndGlobal
